
Microsoft Visual Studio Solution File, Format Version 12.00
# Visual Studio 15
VisualStudioVersion = 15.0.28307.421
MinimumVisualStudioVersion = 10.0.40219.1
Project("{FAE04EC0-301F-11D3-BF4B-00C04F79EFBC}") = "wpfDiscover.View", "wpfDiscover\wpfDiscover.View.csproj", "{26B46F86-E644-4916-B628-E9CBB599BBCA}"
EndProject
Project("{FAE04EC0-301F-11D3-BF4B-00C04F79EFBC}") = "wpfDiscover.ViewModel", "wpfDiscoverViewModel\wpfDiscover.ViewModel.csproj", "{48636003-8358-4CAC-957C-20FA9DF840AE}"
EndProject
Project("{FAE04EC0-301F-11D3-BF4B-00C04F79EFBC}") = "wpfDiscoverModel", "wpfDiscoverModel\wpfDiscoverModel.csproj", "{8AE5FDC0-8751-47CB-9735-69A80D38C35D}"
EndProject
Global
	GlobalSection(SolutionConfigurationPlatforms) = preSolution
		Debug|Any CPU = Debug|Any CPU
		Release|Any CPU = Release|Any CPU
	EndGlobalSection
	GlobalSection(ProjectConfigurationPlatforms) = postSolution
		{26B46F86-E644-4916-B628-E9CBB599BBCA}.Debug|Any CPU.ActiveCfg = Debug|Any CPU
		{26B46F86-E644-4916-B628-E9CBB599BBCA}.Debug|Any CPU.Build.0 = Debug|Any CPU
		{26B46F86-E644-4916-B628-E9CBB599BBCA}.Release|Any CPU.ActiveCfg = Release|Any CPU
		{26B46F86-E644-4916-B628-E9CBB599BBCA}.Release|Any CPU.Build.0 = Release|Any CPU
		{48636003-8358-4CAC-957C-20FA9DF840AE}.Debug|Any CPU.ActiveCfg = Debug|Any CPU
		{48636003-8358-4CAC-957C-20FA9DF840AE}.Debug|Any CPU.Build.0 = Debug|Any CPU
		{48636003-8358-4CAC-957C-20FA9DF840AE}.Release|Any CPU.ActiveCfg = Release|Any CPU
		{48636003-8358-4CAC-957C-20FA9DF840AE}.Release|Any CPU.Build.0 = Release|Any CPU
		{8AE5FDC0-8751-47CB-9735-69A80D38C35D}.Debug|Any CPU.ActiveCfg = Debug|Any CPU
		{8AE5FDC0-8751-47CB-9735-69A80D38C35D}.Debug|Any CPU.Build.0 = Debug|Any CPU
		{8AE5FDC0-8751-47CB-9735-69A80D38C35D}.Release|Any CPU.ActiveCfg = Release|Any CPU
		{8AE5FDC0-8751-47CB-9735-69A80D38C35D}.Release|Any CPU.Build.0 = Release|Any CPU
	EndGlobalSection
	GlobalSection(SolutionProperties) = preSolution
		HideSolutionNode = FALSE
	EndGlobalSection
	GlobalSection(ExtensibilityGlobals) = postSolution
		SolutionGuid = {6B13A956-DD80-4497-8B47-5E04B30FE9A8}
	EndGlobalSection
EndGlobal
